
Microsoft Visual Studio Solution File, Format Version 12.00
# Visual Studio Version 17
VisualStudioVersion = 17.0.31903.59
MinimumVisualStudioVersion = 10.0.40219.1
Project("{FAE04EC0-301F-11D3-BF4B-00C04F79EFBC}") = "BuberBreakfast.Contracts", "BuberBreakfast.Contracts\BuberBreakfast.Contracts.csproj", "{A3C21D5B-6A4B-42AF-B84B-2B4AA3A24A3F}"
EndProject
Project("{FAE04EC0-301F-11D3-BF4B-00C04F79EFBC}") = "BuberBreakfast", "BuberBreakfast\BuberBreakfast.csproj", "{0063D690-0D34-4A08-9445-E70C66AEDE3B}"
EndProject
Global
	GlobalSection(SolutionConfigurationPlatforms) = preSolution
		Debug|Any CPU = Debug|Any CPU
		Release|Any CPU = Release|Any CPU
	EndGlobalSection
	GlobalSection(SolutionProperties) = preSolution
		HideSolutionNode = FALSE
	EndGlobalSection
	GlobalSection(ProjectConfigurationPlatforms) = postSolution
		{A3C21D5B-6A4B-42AF-B84B-2B4AA3A24A3F}.Debug|Any CPU.ActiveCfg = Debug|Any CPU
		{A3C21D5B-6A4B-42AF-B84B-2B4AA3A24A3F}.Debug|Any CPU.Build.0 = Debug|Any CPU
		{A3C21D5B-6A4B-42AF-B84B-2B4AA3A24A3F}.Release|Any CPU.ActiveCfg = Release|Any CPU
		{A3C21D5B-6A4B-42AF-B84B-2B4AA3A24A3F}.Release|Any CPU.Build.0 = Release|Any CPU
		{0063D690-0D34-4A08-9445-E70C66AEDE3B}.Debug|Any CPU.ActiveCfg = Debug|Any CPU
		{0063D690-0D34-4A08-9445-E70C66AEDE3B}.Debug|Any CPU.Build.0 = Debug|Any CPU
		{0063D690-0D34-4A08-9445-E70C66AEDE3B}.Release|Any CPU.ActiveCfg = Release|Any CPU
		{0063D690-0D34-4A08-9445-E70C66AEDE3B}.Release|Any CPU.Build.0 = Release|Any CPU
	EndGlobalSection
EndGlobal
